// !$*UTF8*$!
{
	archiveVersion = 1;
	classes = {
	};
	objectVersion = 56;
	objects = {

/* Begin PBXBuildFile section */
		58E890082B81145400A86CD0 /* UltimatumGameApp.swift in Sources */ = {isa = PBXBuildFile; fileRef = 58E890072B81145400A86CD0 /* UltimatumGameApp.swift */; };
		58E8900A2B81145400A86CD0 /* ContentView.swift in Sources */ = {isa = PBXBuildFile; fileRef = 58E890092B81145400A86CD0 /* ContentView.swift */; };
		58E8900C2B81145600A86CD0 /* Assets.xcassets in Resources */ = {isa = PBXBuildFile; fileRef = 58E8900B2B81145600A86CD0 /* Assets.xcassets */; };
		58E8900F2B81145600A86CD0 /* Preview Assets.xcassets in Resources */ = {isa = PBXBuildFile; fileRef = 58E8900E2B81145600A86CD0 /* Preview Assets.xcassets */; };
		58E890172B81148300A86CD0 /* Player.swift in Sources */ = {isa = PBXBuildFile; fileRef = 58E890162B81148300A86CD0 /* Player.swift */; };
		58E890192B814B0700A86CD0 /* Game.swift in Sources */ = {isa = PBXBuildFile; fileRef = 58E890182B814B0700A86CD0 /* Game.swift */; };
		AC6362E72B84DE2500850BD9 /* GA.swift in Sources */ = {isa = PBXBuildFile; fileRef = AC6362E62B84DE2500850BD9 /* GA.swift */; };
		AC6362E92B85217B00850BD9 /* SimulationView.swift in Sources */ = {isa = PBXBuildFile; fileRef = AC6362E82B85217B00850BD9 /* SimulationView.swift */; };
/* End PBXBuildFile section */

/* Begin PBXFileReference section */
		58E890042B81145400A86CD0 /* UltimatumGame.app */ = {isa = PBXFileReference; explicitFileType = wrapper.application; includeInIndex = 0; path = UltimatumGame.app; sourceTree = BUILT_PRODUCTS_DIR; };
		58E890072B81145400A86CD0 /* UltimatumGameApp.swift */ = {isa = PBXFileReference; lastKnownFileType = sourcecode.swift; path = UltimatumGameApp.swift; sourceTree = "<group>"; };
		58E890092B81145400A86CD0 /* ContentView.swift */ = {isa = PBXFileReference; lastKnownFileType = sourcecode.swift; path = ContentView.swift; sourceTree = "<group>"; };
		58E8900B2B81145600A86CD0 /* Assets.xcassets */ = {isa = PBXFileReference; lastKnownFileType = folder.assetcatalog; path = Assets.xcassets; sourceTree = "<group>"; };
		58E8900E2B81145600A86CD0 /* Preview Assets.xcassets */ = {isa = PBXFileReference; lastKnownFileType = folder.assetcatalog; path = "Preview Assets.xcassets"; sourceTree = "<group>"; };
		58E890102B81145600A86CD0 /* UltimatumGame.entitlements */ = {isa = PBXFileReference; lastKnownFileType = text.plist.entitlements; path = UltimatumGame.entitlements; sourceTree = "<group>"; };
		58E890162B81148300A86CD0 /* Player.swift */ = {isa = PBXFileReference; lastKnownFileType = sourcecode.swift; path = Player.swift; sourceTree = "<group>"; };
		58E890182B814B0700A86CD0 /* Game.swift */ = {isa = PBXFileReference; lastKnownFileType = sourcecode.swift; path = Game.swift; sourceTree = "<group>"; };
		AC6362E62B84DE2500850BD9 /* GA.swift */ = {isa = PBXFileReference; lastKnownFileType = sourcecode.swift; path = GA.swift; sourceTree = "<group>"; };
		AC6362E82B85217B00850BD9 /* SimulationView.swift */ = {isa = PBXFileReference; lastKnownFileType = sourcecode.swift; path = SimulationView.swift; sourceTree = "<group>"; };
/* End PBXFileReference section */

/* Begin PBXFrameworksBuildPhase section */
		58E890012B81145400A86CD0 /* Frameworks */ = {
			isa = PBXFrameworksBuildPhase;
			buildActionMask = 2147483647;
			files = (
			);
			runOnlyForDeploymentPostprocessing = 0;
		};
/* End PBXFrameworksBuildPhase section */

/* Begin PBXGroup section */
		58E88FFB2B81145400A86CD0 = {
			isa = PBXGroup;
			children = (
				58E890062B81145400A86CD0 /* UltimatumGame */,
				58E890052B81145400A86CD0 /* Products */,
			);
			sourceTree = "<group>";
		};
		58E890052B81145400A86CD0 /* Products */ = {
			isa = PBXGroup;
			children = (
				58E890042B81145400A86CD0 /* UltimatumGame.app */,
			);
			name = Products;
			sourceTree = "<group>";
		};
		58E890062B81145400A86CD0 /* UltimatumGame */ = {
			isa = PBXGroup;
			children = (
				58E890072B81145400A86CD0 /* UltimatumGameApp.swift */,
				58E890092B81145400A86CD0 /* ContentView.swift */,
				AC6362E82B85217B00850BD9 /* SimulationView.swift */,
				58E890162B81148300A86CD0 /* Player.swift */,
				58E890182B814B0700A86CD0 /* Game.swift */,
				AC6362E62B84DE2500850BD9 /* GA.swift */,
				58E8900B2B81145600A86CD0 /* Assets.xcassets */,
				58E890102B81145600A86CD0 /* UltimatumGame.entitlements */,
				58E8900D2B81145600A86CD0 /* Preview Content */,
			);
			path = UltimatumGame;
			sourceTree = "<group>";
		};
		58E8900D2B81145600A86CD0 /* Preview Content */ = {
			isa = PBXGroup;
			children = (
				58E8900E2B81145600A86CD0 /* Preview Assets.xcassets */,
			);
			path = "Preview Content";
			sourceTree = "<group>";
		};
/* End PBXGroup section */

/* Begin PBXNativeTarget section */
		58E890032B81145400A86CD0 /* UltimatumGame */ = {
			isa = PBXNativeTarget;
			buildConfigurationList = 58E890132B81145600A86CD0 /* Build configuration list for PBXNativeTarget "UltimatumGame" */;
			buildPhases = (
				58E890002B81145400A86CD0 /* Sources */,
				58E890012B81145400A86CD0 /* Frameworks */,
				58E890022B81145400A86CD0 /* Resources */,
			);
			buildRules = (
			);
			dependencies = (
			);
			name = UltimatumGame;
			productName = UltimatumGame;
			productReference = 58E890042B81145400A86CD0 /* UltimatumGame.app */;
			productType = "com.apple.product-type.application";
		};
/* End PBXNativeTarget section */

/* Begin PBXProject section */
		58E88FFC2B81145400A86CD0 /* Project object */ = {
			isa = PBXProject;
			attributes = {
				BuildIndependentTargetsInParallel = 1;
				LastSwiftUpdateCheck = 1520;
				LastUpgradeCheck = 1520;
				TargetAttributes = {
					58E890032B81145400A86CD0 = {
						CreatedOnToolsVersion = 15.2;
					};
				};
			};
			buildConfigurationList = 58E88FFF2B81145400A86CD0 /* Build configuration list for PBXProject "UltimatumGame" */;
			compatibilityVersion = "Xcode 14.0";
			developmentRegion = en;
			hasScannedForEncodings = 0;
			knownRegions = (
				en,
				Base,
				ru,
			);
			mainGroup = 58E88FFB2B81145400A86CD0;
			productRefGroup = 58E890052B81145400A86CD0 /* Products */;
			projectDirPath = "";
			projectRoot = "";
			targets = (
				58E890032B81145400A86CD0 /* UltimatumGame */,
			);
		};
/* End PBXProject section */

/* Begin PBXResourcesBuildPhase section */
		58E890022B81145400A86CD0 /* Resources */ = {
			isa = PBXResourcesBuildPhase;
			buildActionMask = 2147483647;
			files = (
				58E8900F2B81145600A86CD0 /* Preview Assets.xcassets in Resources */,
				58E8900C2B81145600A86CD0 /* Assets.xcassets in Resources */,
			);
			runOnlyForDeploymentPostprocessing = 0;
		};
/* End PBXResourcesBuildPhase section */

/* Begin PBXSourcesBuildPhase section */
		58E890002B81145400A86CD0 /* Sources */ = {
			isa = PBXSourcesBuildPhase;
			buildActionMask = 2147483647;
			files = (
				58E8900A2B81145400A86CD0 /* ContentView.swift in Sources */,
				58E890172B81148300A86CD0 /* Player.swift in Sources */,
				58E890082B81145400A86CD0 /* UltimatumGameApp.swift in Sources */,
				AC6362E92B85217B00850BD9 /* SimulationView.swift in Sources */,
				AC6362E72B84DE2500850BD9 /* GA.swift in Sources */,
				58E890192B814B0700A86CD0 /* Game.swift in Sources */,
			);
			runOnlyForDeploymentPostprocessing = 0;
		};
/* End PBXSourcesBuildPhase section */

/* Begin XCBuildConfiguration section */
		58E890112B81145600A86CD0 /* Debug */ = {
			isa = XCBuildConfiguration;
			buildSettings = {
				ALWAYS_SEARCH_USER_PATHS = NO;
				ASSETCATALOG_COMPILER_GENERATE_SWIFT_ASSET_SYMBOL_EXTENSIONS = YES;
				CLANG_ANALYZER_NONNULL = YES;
				CLANG_ANALYZER_NUMBER_OBJECT_CONVERSION = YES_AGGRESSIVE;
				CLANG_CXX_LANGUAGE_STANDARD = "gnu++20";
				CLANG_ENABLE_MODULES = YES;
				CLANG_ENABLE_OBJC_ARC = YES;
				CLANG_ENABLE_OBJC_WEAK = YES;
				CLANG_WARN_BLOCK_CAPTURE_AUTORELEASING = YES;
				CLANG_WARN_BOOL_CONVERSION = YES;
				CLANG_WARN_COMMA = YES;
				CLANG_WARN_CONSTANT_CONVERSION = YES;
				CLANG_WARN_DEPRECATED_OBJC_IMPLEMENTATIONS = YES;
				CLANG_WARN_DIRECT_OBJC_ISA_USAGE = YES_ERROR;
				CLANG_WARN_DOCUMENTATION_COMMENTS = YES;
				CLANG_WARN_EMPTY_BODY = YES;
				CLANG_WARN_ENUM_CONVERSION = YES;
				CLANG_WARN_INFINITE_RECURSION = YES;
				CLANG_WARN_INT_CONVERSION = YES;
				CLANG_WARN_NON_LITERAL_NULL_CONVERSION = YES;
				CLANG_WARN_OBJC_IMPLICIT_RETAIN_SELF = YES;
				CLANG_WARN_OBJC_LITERAL_CONVERSION = YES;
				CLANG_WARN_OBJC_ROOT_CLASS = YES_ERROR;
				CLANG_WARN_QUOTED_INCLUDE_IN_FRAMEWORK_HEADER = YES;
				CLANG_WARN_RANGE_LOOP_ANALYSIS = YES;
				CLANG_WARN_STRICT_PROTOTYPES = YES;
				CLANG_WARN_SUSPICIOUS_MOVE = YES;
				CLANG_WARN_UNGUARDED_AVAILABILITY = YES_AGGRESSIVE;
				CLANG_WARN_UNREACHABLE_CODE = YES;
				CLANG_WARN__DUPLICATE_METHOD_MATCH = YES;
				COPY_PHASE_STRIP = NO;
				DEBUG_INFORMATION_FORMAT = dwarf;
				ENABLE_STRICT_OBJC_MSGSEND = YES;
				ENABLE_TESTABILITY = YES;
				ENABLE_USER_SCRIPT_SANDBOXING = YES;
				GCC_C_LANGUAGE_STANDARD = gnu17;
				GCC_DYNAMIC_NO_PIC = NO;
				GCC_NO_COMMON_BLOCKS = YES;
				GCC_OPTIMIZATION_LEVEL = 0;
				GCC_PREPROCESSOR_DEFINITIONS = (
					"DEBUG=1",
					"$(inherited)",
				);
				GCC_WARN_64_TO_32_BIT_CONVERSION = YES;
				GCC_WARN_ABOUT_RETURN_TYPE = YES_ERROR;
				GCC_WARN_UNDECLARED_SELECTOR = YES;
				GCC_WARN_UNINITIALIZED_AUTOS = YES_AGGRESSIVE;
				GCC_WARN_UNUSED_FUNCTION = YES;
				GCC_WARN_UNUSED_VARIABLE = YES;
				LOCALIZATION_PREFERS_STRING_CATALOGS = YES;
				MACOSX_DEPLOYMENT_TARGET = 14.2;
				MTL_ENABLE_DEBUG_INFO = INCLUDE_SOURCE;
				MTL_FAST_MATH = YES;
				ONLY_ACTIVE_ARCH = YES;
				SDKROOT = macosx;
				SWIFT_ACTIVE_COMPILATION_CONDITIONS = "DEBUG $(inherited)";
				SWIFT_OPTIMIZATION_LEVEL = "-Onone";
			};
			name = Debug;
		};
		58E890122B81145600A86CD0 /* Release */ = {
			isa = XCBuildConfiguration;
			buildSettings = {
				ALWAYS_SEARCH_USER_PATHS = NO;
				ASSETCATALOG_COMPILER_GENERATE_SWIFT_ASSET_SYMBOL_EXTENSIONS = YES;
				CLANG_ANALYZER_NONNULL = YES;
				CLANG_ANALYZER_NUMBER_OBJECT_CONVERSION = YES_AGGRESSIVE;
				CLANG_CXX_LANGUAGE_STANDARD = "gnu++20";
				CLANG_ENABLE_MODULES = YES;
				CLANG_ENABLE_OBJC_ARC = YES;
				CLANG_ENABLE_OBJC_WEAK = YES;
				CLANG_WARN_BLOCK_CAPTURE_AUTORELEASING = YES;
				CLANG_WARN_BOOL_CONVERSION = YES;
				CLANG_WARN_COMMA = YES;
				CLANG_WARN_CONSTANT_CONVERSION = YES;
				CLANG_WARN_DEPRECATED_OBJC_IMPLEMENTATIONS = YES;
				CLANG_WARN_DIRECT_OBJC_ISA_USAGE = YES_ERROR;
				CLANG_WARN_DOCUMENTATION_COMMENTS = YES;
				CLANG_WARN_EMPTY_BODY = YES;
				CLANG_WARN_ENUM_CONVERSION = YES;
				CLANG_WARN_INFINITE_RECURSION = YES;
				CLANG_WARN_INT_CONVERSION = YES;
				CLANG_WARN_NON_LITERAL_NULL_CONVERSION = YES;
				CLANG_WARN_OBJC_IMPLICIT_RETAIN_SELF = YES;
				CLANG_WARN_OBJC_LITERAL_CONVERSION = YES;
				CLANG_WARN_OBJC_ROOT_CLASS = YES_ERROR;
				CLANG_WARN_QUOTED_INCLUDE_IN_FRAMEWORK_HEADER = YES;
				CLANG_WARN_RANGE_LOOP_ANALYSIS = YES;
				CLANG_WARN_STRICT_PROTOTYPES = YES;
				CLANG_WARN_SUSPICIOUS_MOVE = YES;
				CLANG_WARN_UNGUARDED_AVAILABILITY = YES_AGGRESSIVE;
				CLANG_WARN_UNREACHABLE_CODE = YES;
				CLANG_WARN__DUPLICATE_METHOD_MATCH = YES;
				COPY_PHASE_STRIP = NO;
				DEBUG_INFORMATION_FORMAT = "dwarf-with-dsym";
				ENABLE_NS_ASSERTIONS = NO;
				ENABLE_STRICT_OBJC_MSGSEND = YES;
				ENABLE_USER_SCRIPT_SANDBOXING = YES;
				GCC_C_LANGUAGE_STANDARD = gnu17;
				GCC_NO_COMMON_BLOCKS = YES;
				GCC_WARN_64_TO_32_BIT_CONVERSION = YES;
				GCC_WARN_ABOUT_RETURN_TYPE = YES_ERROR;
				GCC_WARN_UNDECLARED_SELECTOR = YES;
				GCC_WARN_UNINITIALIZED_AUTOS = YES_AGGRESSIVE;
				GCC_WARN_UNUSED_FUNCTION = YES;
				GCC_WARN_UNUSED_VARIABLE = YES;
				LOCALIZATION_PREFERS_STRING_CATALOGS = YES;
				MACOSX_DEPLOYMENT_TARGET = 14.2;
				MTL_ENABLE_DEBUG_INFO = NO;
				MTL_FAST_MATH = YES;
				SDKROOT = macosx;
				SWIFT_COMPILATION_MODE = wholemodule;
			};
			name = Release;
		};
		58E890142B81145600A86CD0 /* Debug */ = {
			isa = XCBuildConfiguration;
			buildSettings = {
				ASSETCATALOG_COMPILER_APPICON_NAME = AppIcon;
				ASSETCATALOG_COMPILER_GLOBAL_ACCENT_COLOR_NAME = AccentColor;
				CODE_SIGN_ENTITLEMENTS = UltimatumGame/UltimatumGame.entitlements;
				CODE_SIGN_STYLE = Automatic;
				COMBINE_HIDPI_IMAGES = YES;
				CURRENT_PROJECT_VERSION = 1;
				DEVELOPMENT_ASSET_PATHS = "\"UltimatumGame/Preview Content\"";
				DEVELOPMENT_TEAM = A73KYTXV9C;
				ENABLE_HARDENED_RUNTIME = YES;
				ENABLE_PREVIEWS = YES;
				GENERATE_INFOPLIST_FILE = YES;
				INFOPLIST_KEY_NSHumanReadableCopyright = "";
				LD_RUNPATH_SEARCH_PATHS = (
					"$(inherited)",
					"@executable_path/../Frameworks",
				);
				MARKETING_VERSION = 1.0;
				PRODUCT_BUNDLE_IDENTIFIER = vk.com.south.russian.UltimatumGame;
				PRODUCT_NAME = "$(TARGET_NAME)";
				SWIFT_EMIT_LOC_STRINGS = YES;
				SWIFT_VERSION = 5.0;
			};
			name = Debug;
		};
		58E890152B81145600A86CD0 /* Release */ = {
			isa = XCBuildConfiguration;
			buildSettings = {
				ASSETCATALOG_COMPILER_APPICON_NAME = AppIcon;
				ASSETCATALOG_COMPILER_GLOBAL_ACCENT_COLOR_NAME = AccentColor;
				CODE_SIGN_ENTITLEMENTS = UltimatumGame/UltimatumGame.entitlements;
				CODE_SIGN_STYLE = Automatic;
				COMBINE_HIDPI_IMAGES = YES;
				CURRENT_PROJECT_VERSION = 1;
				DEVELOPMENT_ASSET_PATHS = "\"UltimatumGame/Preview Content\"";
				DEVELOPMENT_TEAM = A73KYTXV9C;
				ENABLE_HARDENED_RUNTIME = YES;
				ENABLE_PREVIEWS = YES;
				GENERATE_INFOPLIST_FILE = YES;
				INFOPLIST_KEY_NSHumanReadableCopyright = "";
				LD_RUNPATH_SEARCH_PATHS = (
					"$(inherited)",
					"@executable_path/../Frameworks",
				);
				MARKETING_VERSION = 1.0;
				PRODUCT_BUNDLE_IDENTIFIER = vk.com.south.russian.UltimatumGame;
				PRODUCT_NAME = "$(TARGET_NAME)";
				SWIFT_EMIT_LOC_STRINGS = YES;
				SWIFT_VERSION = 5.0;
			};
			name = Release;
		};
/* End XCBuildConfiguration section */

/* Begin XCConfigurationList section */
		58E88FFF2B81145400A86CD0 /* Build configuration list for PBXProject "UltimatumGame" */ = {
			isa = XCConfigurationList;
			buildConfigurations = (
				58E890112B81145600A86CD0 /* Debug */,
				58E890122B81145600A86CD0 /* Release */,
			);
			defaultConfigurationIsVisible = 0;
			defaultConfigurationName = Release;
		};
		58E890132B81145600A86CD0 /* Build configuration list for PBXNativeTarget "UltimatumGame" */ = {
			isa = XCConfigurationList;
			buildConfigurations = (
				58E890142B81145600A86CD0 /* Debug */,
				58E890152B81145600A86CD0 /* Release */,
			);
			defaultConfigurationIsVisible = 0;
			defaultConfigurationName = Release;
		};
/* End XCConfigurationList section */
	};
	rootObject = 58E88FFC2B81145400A86CD0 /* Project object */;
}
